
Microsoft Visual Studio Solution File, Format Version 12.00
# Visual Studio 15
VisualStudioVersion = 15.0.27428.2011
MinimumVisualStudioVersion = 10.0.40219.1
Project("{FAE04EC0-301F-11D3-BF4B-00C04F79EFBC}") = "TPI_CateringEasy", "TPI_CateringEasy\TPI_CateringEasy.csproj", "{74FF28DD-00A7-4DFA-803B-AD40B83E6F6C}"
EndProject
Global
	GlobalSection(SolutionConfigurationPlatforms) = preSolution
		Debug|Any CPU = Debug|Any CPU
		Release|Any CPU = Release|Any CPU
	EndGlobalSection
	GlobalSection(ProjectConfigurationPlatforms) = postSolution
		{74FF28DD-00A7-4DFA-803B-AD40B83E6F6C}.Debug|Any CPU.ActiveCfg = Debug|Any CPU
		{74FF28DD-00A7-4DFA-803B-AD40B83E6F6C}.Debug|Any CPU.Build.0 = Debug|Any CPU
		{74FF28DD-00A7-4DFA-803B-AD40B83E6F6C}.Release|Any CPU.ActiveCfg = Release|Any CPU
		{74FF28DD-00A7-4DFA-803B-AD40B83E6F6C}.Release|Any CPU.Build.0 = Release|Any CPU
	EndGlobalSection
	GlobalSection(SolutionProperties) = preSolution
		HideSolutionNode = FALSE
	EndGlobalSection
	GlobalSection(ExtensibilityGlobals) = postSolution
		SolutionGuid = {11962DE7-524F-42D0-B67D-51C8A6C5211C}
	EndGlobalSection
EndGlobal
